
Microsoft Visual Studio Solution File, Format Version 12.00
# Visual Studio Version 17
VisualStudioVersion = 17.5.002.0
MinimumVisualStudioVersion = 10.0.40219.1
Project("{9A19103F-16F7-4668-BE54-9A1E7A4F7556}") = "files", "files.csproj", "{D05CADCD-5D46-4FBD-8582-85B8B04F1A88}"
EndProject
Global
	GlobalSection(SolutionConfigurationPlatforms) = preSolution
		Debug|Any CPU = Debug|Any CPU
		Release|Any CPU = Release|Any CPU
	EndGlobalSection
	GlobalSection(ProjectConfigurationPlatforms) = postSolution
		{D05CADCD-5D46-4FBD-8582-85B8B04F1A88}.Debug|Any CPU.ActiveCfg = Debug|Any CPU
		{D05CADCD-5D46-4FBD-8582-85B8B04F1A88}.Debug|Any CPU.Build.0 = Debug|Any CPU
		{D05CADCD-5D46-4FBD-8582-85B8B04F1A88}.Release|Any CPU.ActiveCfg = Release|Any CPU
		{D05CADCD-5D46-4FBD-8582-85B8B04F1A88}.Release|Any CPU.Build.0 = Release|Any CPU
	EndGlobalSection
	GlobalSection(SolutionProperties) = preSolution
		HideSolutionNode = FALSE
	EndGlobalSection
	GlobalSection(ExtensibilityGlobals) = postSolution
		SolutionGuid = {331005D0-4036-4CD6-BAFC-4E9EBD927CE8}
	EndGlobalSection
EndGlobal
