
Microsoft Visual Studio Solution File, Format Version 12.00
# Visual Studio Version 17
VisualStudioVersion = 17.5.002.0
MinimumVisualStudioVersion = 10.0.40219.1
Project("{9A19103F-16F7-4668-BE54-9A1E7A4F7556}") = "hello", "hello.csproj", "{8EC3D8CD-5CC8-49D2-A4F8-B5EFE1F083BE}"
EndProject
Global
	GlobalSection(SolutionConfigurationPlatforms) = preSolution
		Debug|Any CPU = Debug|Any CPU
		Release|Any CPU = Release|Any CPU
	EndGlobalSection
	GlobalSection(ProjectConfigurationPlatforms) = postSolution
		{8EC3D8CD-5CC8-49D2-A4F8-B5EFE1F083BE}.Debug|Any CPU.ActiveCfg = Debug|Any CPU
		{8EC3D8CD-5CC8-49D2-A4F8-B5EFE1F083BE}.Debug|Any CPU.Build.0 = Debug|Any CPU
		{8EC3D8CD-5CC8-49D2-A4F8-B5EFE1F083BE}.Release|Any CPU.ActiveCfg = Release|Any CPU
		{8EC3D8CD-5CC8-49D2-A4F8-B5EFE1F083BE}.Release|Any CPU.Build.0 = Release|Any CPU
	EndGlobalSection
	GlobalSection(SolutionProperties) = preSolution
		HideSolutionNode = FALSE
	EndGlobalSection
	GlobalSection(ExtensibilityGlobals) = postSolution
		SolutionGuid = {BA14634B-BED4-4F36-B413-590A43230E36}
	EndGlobalSection
EndGlobal
