
Microsoft Visual Studio Solution File, Format Version 12.00
# Visual Studio Version 17
VisualStudioVersion = 17.5.002.0
MinimumVisualStudioVersion = 10.0.40219.1
Project("{9A19103F-16F7-4668-BE54-9A1E7A4F7556}") = "list-sum", "list-sum.csproj", "{5D8CD867-1A99-48F4-B6F7-13071454110B}"
EndProject
Global
	GlobalSection(SolutionConfigurationPlatforms) = preSolution
		Debug|Any CPU = Debug|Any CPU
		Release|Any CPU = Release|Any CPU
	EndGlobalSection
	GlobalSection(ProjectConfigurationPlatforms) = postSolution
		{5D8CD867-1A99-48F4-B6F7-13071454110B}.Debug|Any CPU.ActiveCfg = Debug|Any CPU
		{5D8CD867-1A99-48F4-B6F7-13071454110B}.Debug|Any CPU.Build.0 = Debug|Any CPU
		{5D8CD867-1A99-48F4-B6F7-13071454110B}.Release|Any CPU.ActiveCfg = Release|Any CPU
		{5D8CD867-1A99-48F4-B6F7-13071454110B}.Release|Any CPU.Build.0 = Release|Any CPU
	EndGlobalSection
	GlobalSection(SolutionProperties) = preSolution
		HideSolutionNode = FALSE
	EndGlobalSection
	GlobalSection(ExtensibilityGlobals) = postSolution
		SolutionGuid = {37FBF4EC-0D56-4AE9-9432-2B81FB95D1FA}
	EndGlobalSection
EndGlobal
